
Microsoft Visual Studio Solution File, Format Version 12.00
# Visual Studio 14
VisualStudioVersion = 14.0.25420.1
MinimumVisualStudioVersion = 10.0.40219.1
Project("{FAE04EC0-301F-11D3-BF4B-00C04F79EFBC}") = "suma_de_tres_digitos", "suma_de_tres_digitos\suma_de_tres_digitos.csproj", "{874C6107-BC58-4511-9EE8-8A7E623CA549}"
EndProject
Global
	GlobalSection(SolutionConfigurationPlatforms) = preSolution
		Debug|Any CPU = Debug|Any CPU
		Release|Any CPU = Release|Any CPU
	EndGlobalSection
	GlobalSection(ProjectConfigurationPlatforms) = postSolution
		{874C6107-BC58-4511-9EE8-8A7E623CA549}.Debug|Any CPU.ActiveCfg = Debug|Any CPU
		{874C6107-BC58-4511-9EE8-8A7E623CA549}.Debug|Any CPU.Build.0 = Debug|Any CPU
		{874C6107-BC58-4511-9EE8-8A7E623CA549}.Release|Any CPU.ActiveCfg = Release|Any CPU
		{874C6107-BC58-4511-9EE8-8A7E623CA549}.Release|Any CPU.Build.0 = Release|Any CPU
	EndGlobalSection
	GlobalSection(SolutionProperties) = preSolution
		HideSolutionNode = FALSE
	EndGlobalSection
EndGlobal
